// !$*UTF8*$!
{
	archiveVersion = 1;
	classes = {
	};
	objectVersion = 77;
	objects = {

/* Begin PBXBuildFile section */
		EFC1DF572FD941C900DBE11F /* Docs/Magic_Battery_Monitor_Project_Document.md in Resources */ = {isa = PBXBuildFile; fileRef = EFC1DF402FD941C900DBE11F /* Docs/Magic_Battery_Monitor_Project_Document.md */; };
		EFC1DF602FD950AA00DBE11F /* MagicBatteryWidgetExtension.appex in Embed App Extensions */ = {isa = PBXBuildFile; fileRef = EFC1DF5C2FD950AA00DBE11F /* MagicBatteryWidgetExtension.appex */; settings = {ATTRIBUTES = (RemoveHeadersOnCopy, ); }; };
		EFC1DF6A2FD9542D00DBE11F /* MagicBatteryWidget.swift in Sources */ = {isa = PBXBuildFile; fileRef = EFC1DF6B2FD9542D00DBE11F /* MagicBatteryWidget.swift */; };
		EFC1DF6C2FD9542D00DBE11F /* MagicBatteryWidgetBundle.swift in Sources */ = {isa = PBXBuildFile; fileRef = EFC1DF6D2FD9542D00DBE11F /* MagicBatteryWidgetBundle.swift */; };
/* End PBXBuildFile section */

/* Begin PBXContainerItemProxy section */
		EFC1DF642FD950AA00DBE11F /* PBXContainerItemProxy */ = {
			isa = PBXContainerItemProxy;
			containerPortal = EFC1DF0A2FD93FC100DBE11F /* Project object */;
			proxyType = 1;
			remoteGlobalIDString = EFC1DF5B2FD950AA00DBE11F;
			remoteInfo = MagicBatteryWidgetExtension;
		};
/* End PBXContainerItemProxy section */

/* Begin PBXCopyFilesBuildPhase section */
		EFC1DF612FD950AA00DBE11F /* Embed App Extensions */ = {
			isa = PBXCopyFilesBuildPhase;
			buildActionMask = 2147483647;
			dstPath = "";
			dstSubfolderSpec = 13;
			files = (
				EFC1DF602FD950AA00DBE11F /* MagicBatteryWidgetExtension.appex in Embed App Extensions */,
			);
			name = "Embed App Extensions";
			runOnlyForDeploymentPostprocessing = 0;
		};
/* End PBXCopyFilesBuildPhase section */

/* Begin PBXFileReference section */
		EFC1DF122FD93FC100DBE11F /* MagicBatteryUtil.app */ = {isa = PBXFileReference; explicitFileType = wrapper.application; includeInIndex = 0; path = MagicBatteryUtil.app; sourceTree = BUILT_PRODUCTS_DIR; };
		EFC1DF402FD941C900DBE11F /* Docs/Magic_Battery_Monitor_Project_Document.md */ = {isa = PBXFileReference; lastKnownFileType = net.daringfireball.markdown; path = Docs/Magic_Battery_Monitor_Project_Document.md; sourceTree = "<group>"; };
		EFC1DF5C2FD950AA00DBE11F /* MagicBatteryWidgetExtension.appex */ = {isa = PBXFileReference; explicitFileType = "wrapper.app-extension"; includeInIndex = 0; path = MagicBatteryWidgetExtension.appex; sourceTree = BUILT_PRODUCTS_DIR; };
		EFC1DF6B2FD9542D00DBE11F /* MagicBatteryWidget.swift */ = {isa = PBXFileReference; lastKnownFileType = sourcecode.swift; path = MagicBatteryWidget.swift; sourceTree = "<group>"; };
		EFC1DF6D2FD9542D00DBE11F /* MagicBatteryWidgetBundle.swift */ = {isa = PBXFileReference; lastKnownFileType = sourcecode.swift; path = MagicBatteryWidgetBundle.swift; sourceTree = "<group>"; };
		EFC1DF6E2FD9542D00DBE11F /* Info.plist */ = {isa = PBXFileReference; lastKnownFileType = text.plist.xml; path = Info.plist; sourceTree = "<group>"; };
		EFC1DF6F2FD95C4300DBE11F /* MagicBatteryUtil/MagicBatteryUtil.entitlements */ = {isa = PBXFileReference; lastKnownFileType = text.plist.entitlements; path = MagicBatteryUtil/MagicBatteryUtil.entitlements; sourceTree = "<group>"; };
		EFC1DF702FD95C4300DBE11F /* MagicBatteryWidgetExtension.entitlements */ = {isa = PBXFileReference; lastKnownFileType = text.plist.entitlements; path = MagicBatteryWidgetExtension.entitlements; sourceTree = "<group>"; };
/* End PBXFileReference section */

/* Begin PBXFileSystemSynchronizedRootGroup section */
		EFC1DF142FD93FC100DBE11F /* MagicBatteryUtil */ = {
			isa = PBXFileSystemSynchronizedRootGroup;
			path = MagicBatteryUtil;
			sourceTree = "<group>";
		};
/* End PBXFileSystemSynchronizedRootGroup section */

/* Begin PBXFrameworksBuildPhase section */
		EFC1DF0F2FD93FC100DBE11F /* Frameworks */ = {
			isa = PBXFrameworksBuildPhase;
			buildActionMask = 2147483647;
			files = (
			);
			runOnlyForDeploymentPostprocessing = 0;
		};
		EFC1DF582FD950AA00DBE11F /* Frameworks */ = {
			isa = PBXFrameworksBuildPhase;
			buildActionMask = 2147483647;
			files = (
			);
			runOnlyForDeploymentPostprocessing = 0;
		};
/* End PBXFrameworksBuildPhase section */

/* Begin PBXGroup section */
		EFC1DF092FD93FC100DBE11F = {
			isa = PBXGroup;
			children = (
				EFC1DF6F2FD95C4300DBE11F /* MagicBatteryUtil/MagicBatteryUtil.entitlements */,
				EFC1DF142FD93FC100DBE11F /* MagicBatteryUtil */,
				EFC1DF5D2FD950AA00DBE11F /* MagicBatteryWidgetExtension */,
				EFC1DF132FD93FC100DBE11F /* Products */,
				EFC1DF402FD941C900DBE11F /* Docs/Magic_Battery_Monitor_Project_Document.md */,
			);
			sourceTree = "<group>";
		};
		EFC1DF132FD93FC100DBE11F /* Products */ = {
			isa = PBXGroup;
			children = (
				EFC1DF122FD93FC100DBE11F /* MagicBatteryUtil.app */,
				EFC1DF5C2FD950AA00DBE11F /* MagicBatteryWidgetExtension.appex */,
			);
			name = Products;
			sourceTree = "<group>";
		};
		EFC1DF5D2FD950AA00DBE11F /* MagicBatteryWidgetExtension */ = {
			isa = PBXGroup;
			children = (
				EFC1DF702FD95C4300DBE11F /* MagicBatteryWidgetExtension.entitlements */,
				EFC1DF6B2FD9542D00DBE11F /* MagicBatteryWidget.swift */,
				EFC1DF6D2FD9542D00DBE11F /* MagicBatteryWidgetBundle.swift */,
				EFC1DF6E2FD9542D00DBE11F /* Info.plist */,
			);
			path = MagicBatteryWidgetExtension;
			sourceTree = "<group>";
		};
/* End PBXGroup section */

/* Begin PBXNativeTarget section */
		EFC1DF112FD93FC100DBE11F /* MagicBatteryUtil */ = {
			isa = PBXNativeTarget;
			buildConfigurationList = EFC1DF1D2FD93FC200DBE11F /* Build configuration list for PBXNativeTarget "MagicBatteryUtil" */;
			buildPhases = (
				EFC1DF0E2FD93FC100DBE11F /* Sources */,
				EFC1DF0F2FD93FC100DBE11F /* Frameworks */,
				EFC1DF102FD93FC100DBE11F /* Resources */,
				EFC1DF612FD950AA00DBE11F /* Embed App Extensions */,
			);
			buildRules = (
			);
			dependencies = (
				EFC1DF652FD950AA00DBE11F /* PBXTargetDependency */,
			);
			fileSystemSynchronizedGroups = (
				EFC1DF142FD93FC100DBE11F /* MagicBatteryUtil */,
			);
			name = MagicBatteryUtil;
			packageProductDependencies = (
			);
			productName = MagicBatteryUtil;
			productReference = EFC1DF122FD93FC100DBE11F /* MagicBatteryUtil.app */;
			productType = "com.apple.product-type.application";
		};
		EFC1DF5B2FD950AA00DBE11F /* MagicBatteryWidgetExtension */ = {
			isa = PBXNativeTarget;
			buildConfigurationList = EFC1DF692FD950AA00DBE11F /* Build configuration list for PBXNativeTarget "MagicBatteryWidgetExtension" */;
			buildPhases = (
				EFC1DF562FD950AA00DBE11F /* Sources */,
				EFC1DF582FD950AA00DBE11F /* Frameworks */,
				EFC1DF592FD950AA00DBE11F /* Resources */,
			);
			buildRules = (
			);
			dependencies = (
			);
			name = MagicBatteryWidgetExtension;
			packageProductDependencies = (
			);
			productName = MagicBatteryWidgetExtension;
			productReference = EFC1DF5C2FD950AA00DBE11F /* MagicBatteryWidgetExtension.appex */;
			productType = "com.apple.product-type.app-extension";
		};
/* End PBXNativeTarget section */

/* Begin PBXProject section */
		EFC1DF0A2FD93FC100DBE11F /* Project object */ = {
			isa = PBXProject;
			attributes = {
				BuildIndependentTargetsInParallel = 1;
				LastSwiftUpdateCheck = 2620;
				LastUpgradeCheck = 2620;
				TargetAttributes = {
					EFC1DF112FD93FC100DBE11F = {
						CreatedOnToolsVersion = 26.2;
					};
					EFC1DF5B2FD950AA00DBE11F = {
						CreatedOnToolsVersion = 26.2;
					};
				};
			};
			buildConfigurationList = EFC1DF0D2FD93FC100DBE11F /* Build configuration list for PBXProject "MagicBatteryUtil" */;
			developmentRegion = en;
			hasScannedForEncodings = 0;
			knownRegions = (
				en,
				Base,
			);
			mainGroup = EFC1DF092FD93FC100DBE11F;
			minimizedProjectReferenceProxies = 1;
			preferredProjectObjectVersion = 77;
			productRefGroup = EFC1DF132FD93FC100DBE11F /* Products */;
			projectDirPath = "";
			projectRoot = "";
			targets = (
				EFC1DF112FD93FC100DBE11F /* MagicBatteryUtil */,
				EFC1DF5B2FD950AA00DBE11F /* MagicBatteryWidgetExtension */,
			);
		};
/* End PBXProject section */

/* Begin PBXResourcesBuildPhase section */
		EFC1DF102FD93FC100DBE11F /* Resources */ = {
			isa = PBXResourcesBuildPhase;
			buildActionMask = 2147483647;
			files = (
				EFC1DF572FD941C900DBE11F /* Docs/Magic_Battery_Monitor_Project_Document.md in Resources */,
			);
			runOnlyForDeploymentPostprocessing = 0;
		};
		EFC1DF592FD950AA00DBE11F /* Resources */ = {
			isa = PBXResourcesBuildPhase;
			buildActionMask = 2147483647;
			files = (
			);
			runOnlyForDeploymentPostprocessing = 0;
		};
/* End PBXResourcesBuildPhase section */

/* Begin PBXSourcesBuildPhase section */
		EFC1DF0E2FD93FC100DBE11F /* Sources */ = {
			isa = PBXSourcesBuildPhase;
			buildActionMask = 2147483647;
			files = (
			);
			runOnlyForDeploymentPostprocessing = 0;
		};
		EFC1DF562FD950AA00DBE11F /* Sources */ = {
			isa = PBXSourcesBuildPhase;
			buildActionMask = 2147483647;
			files = (
				EFC1DF6A2FD9542D00DBE11F /* MagicBatteryWidget.swift in Sources */,
				EFC1DF6C2FD9542D00DBE11F /* MagicBatteryWidgetBundle.swift in Sources */,
			);
			runOnlyForDeploymentPostprocessing = 0;
		};
/* End PBXSourcesBuildPhase section */

/* Begin PBXTargetDependency section */
		EFC1DF652FD950AA00DBE11F /* PBXTargetDependency */ = {
			isa = PBXTargetDependency;
			target = EFC1DF5B2FD950AA00DBE11F /* MagicBatteryWidgetExtension */;
			targetProxy = EFC1DF642FD950AA00DBE11F /* PBXContainerItemProxy */;
		};
/* End PBXTargetDependency section */

/* Begin XCBuildConfiguration section */
		EFC1DF1B2FD93FC200DBE11F /* Debug */ = {
			isa = XCBuildConfiguration;
			buildSettings = {
				ALWAYS_SEARCH_USER_PATHS = NO;
				ASSETCATALOG_COMPILER_GENERATE_SWIFT_ASSET_SYMBOL_EXTENSIONS = YES;
				CLANG_ANALYZER_NONNULL = YES;
				CLANG_ANALYZER_NUMBER_OBJECT_CONVERSION = YES_AGGRESSIVE;
				CLANG_CXX_LANGUAGE_STANDARD = "gnu++20";
				CLANG_ENABLE_MODULES = YES;
				CLANG_ENABLE_OBJC_ARC = YES;
				CLANG_ENABLE_OBJC_WEAK = YES;
				CLANG_WARN_BLOCK_CAPTURE_AUTORELEASING = YES;
				CLANG_WARN_BOOL_CONVERSION = YES;
				CLANG_WARN_COMMA = YES;
				CLANG_WARN_CONSTANT_CONVERSION = YES;
				CLANG_WARN_DEPRECATED_OBJC_IMPLEMENTATIONS = YES;
				CLANG_WARN_DIRECT_OBJC_ISA_USAGE = YES_ERROR;
				CLANG_WARN_DOCUMENTATION_COMMENTS = YES;
				CLANG_WARN_EMPTY_BODY = YES;
				CLANG_WARN_ENUM_CONVERSION = YES;
				CLANG_WARN_INFINITE_RECURSION = YES;
				CLANG_WARN_INT_CONVERSION = YES;
				CLANG_WARN_NON_LITERAL_NULL_CONVERSION = YES;
				CLANG_WARN_OBJC_IMPLICIT_RETAIN_SELF = YES;
				CLANG_WARN_OBJC_LITERAL_CONVERSION = YES;
				CLANG_WARN_OBJC_ROOT_CLASS = YES_ERROR;
				CLANG_WARN_QUOTED_INCLUDE_IN_FRAMEWORK_HEADER = YES;
				CLANG_WARN_RANGE_LOOP_ANALYSIS = YES;
				CLANG_WARN_STRICT_PROTOTYPES = YES;
				CLANG_WARN_SUSPICIOUS_MOVE = YES;
				CLANG_WARN_UNGUARDED_AVAILABILITY = YES_AGGRESSIVE;
				CLANG_WARN_UNREACHABLE_CODE = YES;
				CLANG_WARN__DUPLICATE_METHOD_MATCH = YES;
				COPY_PHASE_STRIP = NO;
				DEBUG_INFORMATION_FORMAT = dwarf;
				DEVELOPMENT_TEAM = 922L4HAC7Y;
				ENABLE_STRICT_OBJC_MSGSEND = YES;
				ENABLE_TESTABILITY = YES;
				ENABLE_USER_SCRIPT_SANDBOXING = YES;
				GCC_C_LANGUAGE_STANDARD = gnu17;
				GCC_DYNAMIC_NO_PIC = NO;
				GCC_NO_COMMON_BLOCKS = YES;
				GCC_OPTIMIZATION_LEVEL = 0;
				GCC_PREPROCESSOR_DEFINITIONS = (
					"DEBUG=1",
					"$(inherited)",
				);
				GCC_WARN_64_TO_32_BIT_CONVERSION = YES;
				GCC_WARN_ABOUT_RETURN_TYPE = YES_ERROR;
				GCC_WARN_UNDECLARED_SELECTOR = YES;
				GCC_WARN_UNINITIALIZED_AUTOS = YES_AGGRESSIVE;
				GCC_WARN_UNUSED_FUNCTION = YES;
				GCC_WARN_UNUSED_VARIABLE = YES;
				LOCALIZATION_PREFERS_STRING_CATALOGS = YES;
				MACOSX_DEPLOYMENT_TARGET = 13.0;
				MTL_ENABLE_DEBUG_INFO = INCLUDE_SOURCE;
				MTL_FAST_MATH = YES;
				ONLY_ACTIVE_ARCH = YES;
				SDKROOT = macosx;
				SWIFT_ACTIVE_COMPILATION_CONDITIONS = "DEBUG $(inherited)";
				SWIFT_OPTIMIZATION_LEVEL = "-Onone";
			};
			name = Debug;
		};
		EFC1DF1C2FD93FC200DBE11F /* Release */ = {
			isa = XCBuildConfiguration;
			buildSettings = {
				ALWAYS_SEARCH_USER_PATHS = NO;
				ASSETCATALOG_COMPILER_GENERATE_SWIFT_ASSET_SYMBOL_EXTENSIONS = YES;
				CLANG_ANALYZER_NONNULL = YES;
				CLANG_ANALYZER_NUMBER_OBJECT_CONVERSION = YES_AGGRESSIVE;
				CLANG_CXX_LANGUAGE_STANDARD = "gnu++20";
				CLANG_ENABLE_MODULES = YES;
				CLANG_ENABLE_OBJC_ARC = YES;
				CLANG_ENABLE_OBJC_WEAK = YES;
				CLANG_WARN_BLOCK_CAPTURE_AUTORELEASING = YES;
				CLANG_WARN_BOOL_CONVERSION = YES;
				CLANG_WARN_COMMA = YES;
				CLANG_WARN_CONSTANT_CONVERSION = YES;
				CLANG_WARN_DEPRECATED_OBJC_IMPLEMENTATIONS = YES;
				CLANG_WARN_DIRECT_OBJC_ISA_USAGE = YES_ERROR;
				CLANG_WARN_DOCUMENTATION_COMMENTS = YES;
				CLANG_WARN_EMPTY_BODY = YES;
				CLANG_WARN_ENUM_CONVERSION = YES;
				CLANG_WARN_INFINITE_RECURSION = YES;
				CLANG_WARN_INT_CONVERSION = YES;
				CLANG_WARN_NON_LITERAL_NULL_CONVERSION = YES;
				CLANG_WARN_OBJC_IMPLICIT_RETAIN_SELF = YES;
				CLANG_WARN_OBJC_LITERAL_CONVERSION = YES;
				CLANG_WARN_OBJC_ROOT_CLASS = YES_ERROR;
				CLANG_WARN_QUOTED_INCLUDE_IN_FRAMEWORK_HEADER = YES;
				CLANG_WARN_RANGE_LOOP_ANALYSIS = YES;
				CLANG_WARN_STRICT_PROTOTYPES = YES;
				CLANG_WARN_SUSPICIOUS_MOVE = YES;
				CLANG_WARN_UNGUARDED_AVAILABILITY = YES_AGGRESSIVE;
				CLANG_WARN_UNREACHABLE_CODE = YES;
				CLANG_WARN__DUPLICATE_METHOD_MATCH = YES;
				COPY_PHASE_STRIP = NO;
				DEBUG_INFORMATION_FORMAT = "dwarf-with-dsym";
				DEVELOPMENT_TEAM = 922L4HAC7Y;
				ENABLE_NS_ASSERTIONS = NO;
				ENABLE_STRICT_OBJC_MSGSEND = YES;
				ENABLE_USER_SCRIPT_SANDBOXING = YES;
				GCC_C_LANGUAGE_STANDARD = gnu17;
				GCC_NO_COMMON_BLOCKS = YES;
				GCC_WARN_64_TO_32_BIT_CONVERSION = YES;
				GCC_WARN_ABOUT_RETURN_TYPE = YES_ERROR;
				GCC_WARN_UNDECLARED_SELECTOR = YES;
				GCC_WARN_UNINITIALIZED_AUTOS = YES_AGGRESSIVE;
				GCC_WARN_UNUSED_FUNCTION = YES;
				GCC_WARN_UNUSED_VARIABLE = YES;
				LOCALIZATION_PREFERS_STRING_CATALOGS = YES;
				MACOSX_DEPLOYMENT_TARGET = 13.0;
				MTL_ENABLE_DEBUG_INFO = NO;
				MTL_FAST_MATH = YES;
				SDKROOT = macosx;
				SWIFT_COMPILATION_MODE = wholemodule;
			};
			name = Release;
		};
		EFC1DF1E2FD93FC200DBE11F /* Debug */ = {
			isa = XCBuildConfiguration;
			buildSettings = {
				ASSETCATALOG_COMPILER_APPICON_NAME = AppIcon;
				ASSETCATALOG_COMPILER_GLOBAL_ACCENT_COLOR_NAME = AccentColor;
				CODE_SIGN_ENTITLEMENTS = MagicBatteryUtil/MagicBatteryUtil.entitlements;
				CODE_SIGN_STYLE = Automatic;
				COMBINE_HIDPI_IMAGES = YES;
				CURRENT_PROJECT_VERSION = 1;
				DEVELOPMENT_TEAM = 922L4HAC7Y;
				ENABLE_APP_SANDBOX = YES;
				ENABLE_HARDENED_RUNTIME = YES;
				ENABLE_PREVIEWS = YES;
				ENABLE_USER_SELECTED_FILES = readonly;
				GENERATE_INFOPLIST_FILE = YES;
				INFOPLIST_KEY_CFBundleDisplayName = "Magic Battery Util";
				INFOPLIST_KEY_LSApplicationCategoryType = "public.app-category.utilities";
				INFOPLIST_KEY_NSHumanReadableCopyright = "";
				LD_RUNPATH_SEARCH_PATHS = (
					"$(inherited)",
					"@executable_path/../Frameworks",
				);
				MARKETING_VERSION = 1.0;
				PRODUCT_BUNDLE_IDENTIFIER = com.workwithafridi.MagicBatteryUtil;
				PRODUCT_NAME = "$(TARGET_NAME)";
				STRING_CATALOG_GENERATE_SYMBOLS = YES;
				SWIFT_APPROACHABLE_CONCURRENCY = YES;
				SWIFT_DEFAULT_ACTOR_ISOLATION = MainActor;
				SWIFT_EMIT_LOC_STRINGS = YES;
				SWIFT_UPCOMING_FEATURE_MEMBER_IMPORT_VISIBILITY = YES;
				SWIFT_VERSION = 5.0;
			};
			name = Debug;
		};
		EFC1DF1F2FD93FC200DBE11F /* Release */ = {
			isa = XCBuildConfiguration;
			buildSettings = {
				ASSETCATALOG_COMPILER_APPICON_NAME = AppIcon;
				ASSETCATALOG_COMPILER_GLOBAL_ACCENT_COLOR_NAME = AccentColor;
				CODE_SIGN_ENTITLEMENTS = MagicBatteryUtil/MagicBatteryUtil.entitlements;
				CODE_SIGN_STYLE = Automatic;
				COMBINE_HIDPI_IMAGES = YES;
				CURRENT_PROJECT_VERSION = 1;
				DEVELOPMENT_TEAM = 922L4HAC7Y;
				ENABLE_APP_SANDBOX = YES;
				ENABLE_HARDENED_RUNTIME = YES;
				ENABLE_PREVIEWS = YES;
				ENABLE_USER_SELECTED_FILES = readonly;
				GENERATE_INFOPLIST_FILE = YES;
				INFOPLIST_KEY_CFBundleDisplayName = "Magic Battery Util";
				INFOPLIST_KEY_LSApplicationCategoryType = "public.app-category.utilities";
				INFOPLIST_KEY_NSHumanReadableCopyright = "";
				LD_RUNPATH_SEARCH_PATHS = (
					"$(inherited)",
					"@executable_path/../Frameworks",
				);
				MARKETING_VERSION = 1.0;
				PRODUCT_BUNDLE_IDENTIFIER = com.workwithafridi.MagicBatteryUtil;
				PRODUCT_NAME = "$(TARGET_NAME)";
				STRING_CATALOG_GENERATE_SYMBOLS = YES;
				SWIFT_APPROACHABLE_CONCURRENCY = YES;
				SWIFT_DEFAULT_ACTOR_ISOLATION = MainActor;
				SWIFT_EMIT_LOC_STRINGS = YES;
				SWIFT_UPCOMING_FEATURE_MEMBER_IMPORT_VISIBILITY = YES;
				SWIFT_VERSION = 5.0;
			};
			name = Release;
		};
		EFC1DF662FD950AA00DBE11F /* Debug */ = {
			isa = XCBuildConfiguration;
			buildSettings = {
				APPLICATION_EXTENSION_API_ONLY = YES;
				CODE_SIGN_ENTITLEMENTS = MagicBatteryWidgetExtension/MagicBatteryWidgetExtension.entitlements;
				CODE_SIGN_STYLE = Automatic;
				CURRENT_PROJECT_VERSION = 1;
				DEVELOPMENT_TEAM = 922L4HAC7Y;
				ENABLE_APP_SANDBOX = YES;
				ENABLE_HARDENED_RUNTIME = YES;
				GENERATE_INFOPLIST_FILE = NO;
				INFOPLIST_FILE = MagicBatteryWidgetExtension/Info.plist;
				LD_RUNPATH_SEARCH_PATHS = (
					"$(inherited)",
					"@executable_path/../../Frameworks",
					"@executable_path/Frameworks",
				);
				MARKETING_VERSION = 1.0;
				PRODUCT_BUNDLE_IDENTIFIER = com.workwithafridi.MagicBatteryUtil.widget;
				PRODUCT_NAME = "$(TARGET_NAME)";
				SKIP_INSTALL = YES;
				STRING_CATALOG_GENERATE_SYMBOLS = YES;
				SWIFT_VERSION = 5.0;
			};
			name = Debug;
		};
		EFC1DF672FD950AA00DBE11F /* Release */ = {
			isa = XCBuildConfiguration;
			buildSettings = {
				APPLICATION_EXTENSION_API_ONLY = YES;
				CODE_SIGN_ENTITLEMENTS = MagicBatteryWidgetExtension/MagicBatteryWidgetExtension.entitlements;
				CODE_SIGN_STYLE = Automatic;
				CURRENT_PROJECT_VERSION = 1;
				DEVELOPMENT_TEAM = 922L4HAC7Y;
				ENABLE_APP_SANDBOX = YES;
				ENABLE_HARDENED_RUNTIME = YES;
				GENERATE_INFOPLIST_FILE = NO;
				INFOPLIST_FILE = MagicBatteryWidgetExtension/Info.plist;
				LD_RUNPATH_SEARCH_PATHS = (
					"$(inherited)",
					"@executable_path/../../Frameworks",
					"@executable_path/Frameworks",
				);
				MARKETING_VERSION = 1.0;
				PRODUCT_BUNDLE_IDENTIFIER = com.workwithafridi.MagicBatteryUtil.widget;
				PRODUCT_NAME = "$(TARGET_NAME)";
				SKIP_INSTALL = YES;
				STRING_CATALOG_GENERATE_SYMBOLS = YES;
				SWIFT_VERSION = 5.0;
			};
			name = Release;
		};
/* End XCBuildConfiguration section */

/* Begin XCConfigurationList section */
		EFC1DF0D2FD93FC100DBE11F /* Build configuration list for PBXProject "MagicBatteryUtil" */ = {
			isa = XCConfigurationList;
			buildConfigurations = (
				EFC1DF1B2FD93FC200DBE11F /* Debug */,
				EFC1DF1C2FD93FC200DBE11F /* Release */,
			);
			defaultConfigurationIsVisible = 0;
			defaultConfigurationName = Release;
		};
		EFC1DF1D2FD93FC200DBE11F /* Build configuration list for PBXNativeTarget "MagicBatteryUtil" */ = {
			isa = XCConfigurationList;
			buildConfigurations = (
				EFC1DF1E2FD93FC200DBE11F /* Debug */,
				EFC1DF1F2FD93FC200DBE11F /* Release */,
			);
			defaultConfigurationIsVisible = 0;
			defaultConfigurationName = Release;
		};
		EFC1DF692FD950AA00DBE11F /* Build configuration list for PBXNativeTarget "MagicBatteryWidgetExtension" */ = {
			isa = XCConfigurationList;
			buildConfigurations = (
				EFC1DF662FD950AA00DBE11F /* Debug */,
				EFC1DF672FD950AA00DBE11F /* Release */,
			);
			defaultConfigurationIsVisible = 0;
			defaultConfigurationName = Release;
		};
/* End XCConfigurationList section */
	};
	rootObject = EFC1DF0A2FD93FC100DBE11F /* Project object */;
}
